
Microsoft Visual Studio Solution File, Format Version 12.00
# Visual Studio 15
VisualStudioVersion = 15.0.28307.168
MinimumVisualStudioVersion = 10.0.40219.1
Project("{8BC9CEB8-8B4A-11D0-8D11-00A0C91BC942}") = "2019_5_29_作业", "2019_5_29_作业\2019_5_29_作业.vcxproj", "{F2A69E45-3C63-4E2F-A941-C988EE8B8779}"
EndProject
Global
	GlobalSection(SolutionConfigurationPlatforms) = preSolution
		Debug|x64 = Debug|x64
		Debug|x86 = Debug|x86
		Release|x64 = Release|x64
		Release|x86 = Release|x86
	EndGlobalSection
	GlobalSection(ProjectConfigurationPlatforms) = postSolution
		{F2A69E45-3C63-4E2F-A941-C988EE8B8779}.Debug|x64.ActiveCfg = Debug|x64
		{F2A69E45-3C63-4E2F-A941-C988EE8B8779}.Debug|x64.Build.0 = Debug|x64
		{F2A69E45-3C63-4E2F-A941-C988EE8B8779}.Debug|x86.ActiveCfg = Debug|Win32
		{F2A69E45-3C63-4E2F-A941-C988EE8B8779}.Debug|x86.Build.0 = Debug|Win32
		{F2A69E45-3C63-4E2F-A941-C988EE8B8779}.Release|x64.ActiveCfg = Release|x64
		{F2A69E45-3C63-4E2F-A941-C988EE8B8779}.Release|x64.Build.0 = Release|x64
		{F2A69E45-3C63-4E2F-A941-C988EE8B8779}.Release|x86.ActiveCfg = Release|Win32
		{F2A69E45-3C63-4E2F-A941-C988EE8B8779}.Release|x86.Build.0 = Release|Win32
	EndGlobalSection
	GlobalSection(SolutionProperties) = preSolution
		HideSolutionNode = FALSE
	EndGlobalSection
	GlobalSection(ExtensibilityGlobals) = postSolution
		SolutionGuid = {B3666C87-7E19-434E-B8D6-FCFB77FC495C}
	EndGlobalSection
EndGlobal
